// !$*UTF8*$!
{
	archiveVersion = 1;
	classes = {
	};
	objectVersion = 50;
	objects = {

/* Begin PBXBuildFile section */
		910AD80420E36EE300C216D7 /* AppDelegate.swift in Sources */ = {isa = PBXBuildFile; fileRef = 910AD80320E36EE300C216D7 /* AppDelegate.swift */; };
		910AD80920E36EE300C216D7 /* Main.storyboard in Resources */ = {isa = PBXBuildFile; fileRef = 910AD80720E36EE300C216D7 /* Main.storyboard */; };
		910AD80B20E36EE400C216D7 /* Assets.xcassets in Resources */ = {isa = PBXBuildFile; fileRef = 910AD80A20E36EE400C216D7 /* Assets.xcassets */; };
		910AD80E20E36EE400C216D7 /* LaunchScreen.storyboard in Resources */ = {isa = PBXBuildFile; fileRef = 910AD80C20E36EE400C216D7 /* LaunchScreen.storyboard */; };
		910AD81C20E3702100C216D7 /* Default-568h@2x.png in Resources */ = {isa = PBXBuildFile; fileRef = 910AD81B20E3702100C216D7 /* Default-568h@2x.png */; };
		910AD81F20E3717F00C216D7 /* ThirstySoftRegular.otf in Resources */ = {isa = PBXBuildFile; fileRef = 910AD81D20E3717F00C216D7 /* ThirstySoftRegular.otf */; };
		910AD82020E3717F00C216D7 /* Chalkboard.ttf in Resources */ = {isa = PBXBuildFile; fileRef = 910AD81E20E3717F00C216D7 /* Chalkboard.ttf */; };
		910AD82420E3784000C216D7 /* CurrencyViewController.swift in Sources */ = {isa = PBXBuildFile; fileRef = 910AD82320E3784000C216D7 /* CurrencyViewController.swift */; };
		910AD82620E3785E00C216D7 /* TranslationViewController.swift in Sources */ = {isa = PBXBuildFile; fileRef = 910AD82520E3785E00C216D7 /* TranslationViewController.swift */; };
		910AD82820E3786E00C216D7 /* WeatherViewController.swift in Sources */ = {isa = PBXBuildFile; fileRef = 910AD82720E3786E00C216D7 /* WeatherViewController.swift */; };
		9198DCE820E624AD00FCB5FA /* TranslationDirection.swift in Sources */ = {isa = PBXBuildFile; fileRef = 9198DCE720E624AD00FCB5FA /* TranslationDirection.swift */; };
		9198DD1120E7D1F800FCB5FA /* Currency.swift in Sources */ = {isa = PBXBuildFile; fileRef = 9198DD1020E7D1F800FCB5FA /* Currency.swift */; };
		9198DD1320E7D28500FCB5FA /* Rate.swift in Sources */ = {isa = PBXBuildFile; fileRef = 9198DD1220E7D28500FCB5FA /* Rate.swift */; };
/* End PBXBuildFile section */

/* Begin PBXFileReference section */
		910AD80020E36EE200C216D7 /* LeBaluchon.app */ = {isa = PBXFileReference; explicitFileType = wrapper.application; includeInIndex = 0; path = LeBaluchon.app; sourceTree = BUILT_PRODUCTS_DIR; };
		910AD80320E36EE300C216D7 /* AppDelegate.swift */ = {isa = PBXFileReference; lastKnownFileType = sourcecode.swift; path = AppDelegate.swift; sourceTree = "<group>"; };
		910AD80820E36EE300C216D7 /* Base */ = {isa = PBXFileReference; lastKnownFileType = file.storyboard; name = Base; path = Base.lproj/Main.storyboard; sourceTree = "<group>"; };
		910AD80A20E36EE400C216D7 /* Assets.xcassets */ = {isa = PBXFileReference; lastKnownFileType = folder.assetcatalog; path = Assets.xcassets; sourceTree = "<group>"; };
		910AD80D20E36EE400C216D7 /* Base */ = {isa = PBXFileReference; lastKnownFileType = file.storyboard; name = Base; path = Base.lproj/LaunchScreen.storyboard; sourceTree = "<group>"; };
		910AD80F20E36EE400C216D7 /* Info.plist */ = {isa = PBXFileReference; lastKnownFileType = text.plist.xml; path = Info.plist; sourceTree = "<group>"; };
		910AD81B20E3702100C216D7 /* Default-568h@2x.png */ = {isa = PBXFileReference; lastKnownFileType = image.png; path = "Default-568h@2x.png"; sourceTree = "<group>"; };
		910AD81D20E3717F00C216D7 /* ThirstySoftRegular.otf */ = {isa = PBXFileReference; lastKnownFileType = file; path = ThirstySoftRegular.otf; sourceTree = "<group>"; };
		910AD81E20E3717F00C216D7 /* Chalkboard.ttf */ = {isa = PBXFileReference; lastKnownFileType = file; path = Chalkboard.ttf; sourceTree = "<group>"; };
		910AD82320E3784000C216D7 /* CurrencyViewController.swift */ = {isa = PBXFileReference; lastKnownFileType = sourcecode.swift; path = CurrencyViewController.swift; sourceTree = "<group>"; };
		910AD82520E3785E00C216D7 /* TranslationViewController.swift */ = {isa = PBXFileReference; lastKnownFileType = sourcecode.swift; path = TranslationViewController.swift; sourceTree = "<group>"; };
		910AD82720E3786E00C216D7 /* WeatherViewController.swift */ = {isa = PBXFileReference; lastKnownFileType = sourcecode.swift; path = WeatherViewController.swift; sourceTree = "<group>"; };
		9198DCE720E624AD00FCB5FA /* TranslationDirection.swift */ = {isa = PBXFileReference; lastKnownFileType = sourcecode.swift; path = TranslationDirection.swift; sourceTree = "<group>"; };
		9198DD1020E7D1F800FCB5FA /* Currency.swift */ = {isa = PBXFileReference; lastKnownFileType = sourcecode.swift; path = Currency.swift; sourceTree = "<group>"; };
		9198DD1220E7D28500FCB5FA /* Rate.swift */ = {isa = PBXFileReference; lastKnownFileType = sourcecode.swift; path = Rate.swift; sourceTree = "<group>"; };
/* End PBXFileReference section */

/* Begin PBXFrameworksBuildPhase section */
		910AD7FD20E36EE200C216D7 /* Frameworks */ = {
			isa = PBXFrameworksBuildPhase;
			buildActionMask = 2147483647;
			files = (
			);
			runOnlyForDeploymentPostprocessing = 0;
		};
/* End PBXFrameworksBuildPhase section */

/* Begin PBXGroup section */
		910AD7F720E36EE200C216D7 = {
			isa = PBXGroup;
			children = (
				910AD80220E36EE200C216D7 /* LeBaluchon */,
				910AD80120E36EE200C216D7 /* Products */,
			);
			sourceTree = "<group>";
		};
		910AD80120E36EE200C216D7 /* Products */ = {
			isa = PBXGroup;
			children = (
				910AD80020E36EE200C216D7 /* LeBaluchon.app */,
			);
			name = Products;
			sourceTree = "<group>";
		};
		910AD80220E36EE200C216D7 /* LeBaluchon */ = {
			isa = PBXGroup;
			children = (
				910AD80320E36EE300C216D7 /* AppDelegate.swift */,
				910AD81620E36F8F00C216D7 /* Model */,
				910AD81720E36F9800C216D7 /* View */,
				910AD81820E36F9F00C216D7 /* Controller */,
				910AD81920E36FA600C216D7 /* SupportingFiles */,
			);
			path = LeBaluchon;
			sourceTree = "<group>";
		};
		910AD81620E36F8F00C216D7 /* Model */ = {
			isa = PBXGroup;
			children = (
				9198DCE920E6847000FCB5FA /* Currency */,
				9198DCE720E624AD00FCB5FA /* TranslationDirection.swift */,
			);
			path = Model;
			sourceTree = "<group>";
		};
		910AD81720E36F9800C216D7 /* View */ = {
			isa = PBXGroup;
			children = (
				910AD80720E36EE300C216D7 /* Main.storyboard */,
				910AD80C20E36EE400C216D7 /* LaunchScreen.storyboard */,
			);
			path = View;
			sourceTree = "<group>";
		};
		910AD81820E36F9F00C216D7 /* Controller */ = {
			isa = PBXGroup;
			children = (
				910AD82320E3784000C216D7 /* CurrencyViewController.swift */,
				910AD82520E3785E00C216D7 /* TranslationViewController.swift */,
				910AD82720E3786E00C216D7 /* WeatherViewController.swift */,
			);
			path = Controller;
			sourceTree = "<group>";
		};
		910AD81920E36FA600C216D7 /* SupportingFiles */ = {
			isa = PBXGroup;
			children = (
				910AD81B20E3702100C216D7 /* Default-568h@2x.png */,
				910AD81A20E3700600C216D7 /* Fonts */,
				910AD80A20E36EE400C216D7 /* Assets.xcassets */,
				910AD80F20E36EE400C216D7 /* Info.plist */,
			);
			path = SupportingFiles;
			sourceTree = "<group>";
		};
		910AD81A20E3700600C216D7 /* Fonts */ = {
			isa = PBXGroup;
			children = (
				910AD81D20E3717F00C216D7 /* ThirstySoftRegular.otf */,
				910AD81E20E3717F00C216D7 /* Chalkboard.ttf */,
			);
			path = Fonts;
			sourceTree = "<group>";
		};
		9198DCE920E6847000FCB5FA /* Currency */ = {
			isa = PBXGroup;
			children = (
				9198DD1020E7D1F800FCB5FA /* Currency.swift */,
				9198DD1220E7D28500FCB5FA /* Rate.swift */,
			);
			path = Currency;
			sourceTree = "<group>";
		};
/* End PBXGroup section */

/* Begin PBXNativeTarget section */
		910AD7FF20E36EE200C216D7 /* LeBaluchon */ = {
			isa = PBXNativeTarget;
			buildConfigurationList = 910AD81220E36EE400C216D7 /* Build configuration list for PBXNativeTarget "LeBaluchon" */;
			buildPhases = (
				910AD7FC20E36EE200C216D7 /* Sources */,
				910AD7FD20E36EE200C216D7 /* Frameworks */,
				910AD7FE20E36EE200C216D7 /* Resources */,
				910AD81520E36F7800C216D7 /* Swift Lint */,
			);
			buildRules = (
			);
			dependencies = (
			);
			name = LeBaluchon;
			productName = LeBaluchon;
			productReference = 910AD80020E36EE200C216D7 /* LeBaluchon.app */;
			productType = "com.apple.product-type.application";
		};
/* End PBXNativeTarget section */

/* Begin PBXProject section */
		910AD7F820E36EE200C216D7 /* Project object */ = {
			isa = PBXProject;
			attributes = {
				LastSwiftUpdateCheck = 0940;
				LastUpgradeCheck = 0940;
				ORGANIZATIONNAME = Mehdi;
				TargetAttributes = {
					910AD7FF20E36EE200C216D7 = {
						CreatedOnToolsVersion = 9.4.1;
					};
				};
			};
			buildConfigurationList = 910AD7FB20E36EE200C216D7 /* Build configuration list for PBXProject "LeBaluchon" */;
			compatibilityVersion = "Xcode 9.3";
			developmentRegion = en;
			hasScannedForEncodings = 0;
			knownRegions = (
				en,
				Base,
			);
			mainGroup = 910AD7F720E36EE200C216D7;
			productRefGroup = 910AD80120E36EE200C216D7 /* Products */;
			projectDirPath = "";
			projectRoot = "";
			targets = (
				910AD7FF20E36EE200C216D7 /* LeBaluchon */,
			);
		};
/* End PBXProject section */

/* Begin PBXResourcesBuildPhase section */
		910AD7FE20E36EE200C216D7 /* Resources */ = {
			isa = PBXResourcesBuildPhase;
			buildActionMask = 2147483647;
			files = (
				910AD80E20E36EE400C216D7 /* LaunchScreen.storyboard in Resources */,
				910AD82020E3717F00C216D7 /* Chalkboard.ttf in Resources */,
				910AD81C20E3702100C216D7 /* Default-568h@2x.png in Resources */,
				910AD81F20E3717F00C216D7 /* ThirstySoftRegular.otf in Resources */,
				910AD80B20E36EE400C216D7 /* Assets.xcassets in Resources */,
				910AD80920E36EE300C216D7 /* Main.storyboard in Resources */,
			);
			runOnlyForDeploymentPostprocessing = 0;
		};
/* End PBXResourcesBuildPhase section */

/* Begin PBXShellScriptBuildPhase section */
		910AD81520E36F7800C216D7 /* Swift Lint */ = {
			isa = PBXShellScriptBuildPhase;
			buildActionMask = 2147483647;
			files = (
			);
			inputPaths = (
			);
			name = "Swift Lint";
			outputPaths = (
			);
			runOnlyForDeploymentPostprocessing = 0;
			shellPath = /bin/sh;
			shellScript = "if which swiftlint >/dev/null; then\nswiftlint\nelse\necho \"warning: SwiftLint not installed, download from https://github.com/realm/SwiftLint\"\nfi";
		};
/* End PBXShellScriptBuildPhase section */

/* Begin PBXSourcesBuildPhase section */
		910AD7FC20E36EE200C216D7 /* Sources */ = {
			isa = PBXSourcesBuildPhase;
			buildActionMask = 2147483647;
			files = (
				9198DD1120E7D1F800FCB5FA /* Currency.swift in Sources */,
				910AD82620E3785E00C216D7 /* TranslationViewController.swift in Sources */,
				910AD82820E3786E00C216D7 /* WeatherViewController.swift in Sources */,
				9198DD1320E7D28500FCB5FA /* Rate.swift in Sources */,
				910AD82420E3784000C216D7 /* CurrencyViewController.swift in Sources */,
				910AD80420E36EE300C216D7 /* AppDelegate.swift in Sources */,
				9198DCE820E624AD00FCB5FA /* TranslationDirection.swift in Sources */,
			);
			runOnlyForDeploymentPostprocessing = 0;
		};
/* End PBXSourcesBuildPhase section */

/* Begin PBXVariantGroup section */
		910AD80720E36EE300C216D7 /* Main.storyboard */ = {
			isa = PBXVariantGroup;
			children = (
				910AD80820E36EE300C216D7 /* Base */,
			);
			name = Main.storyboard;
			sourceTree = "<group>";
		};
		910AD80C20E36EE400C216D7 /* LaunchScreen.storyboard */ = {
			isa = PBXVariantGroup;
			children = (
				910AD80D20E36EE400C216D7 /* Base */,
			);
			name = LaunchScreen.storyboard;
			sourceTree = "<group>";
		};
/* End PBXVariantGroup section */

/* Begin XCBuildConfiguration section */
		910AD81020E36EE400C216D7 /* Debug */ = {
			isa = XCBuildConfiguration;
			buildSettings = {
				ALWAYS_SEARCH_USER_PATHS = NO;
				CLANG_ANALYZER_NONNULL = YES;
				CLANG_ANALYZER_NUMBER_OBJECT_CONVERSION = YES_AGGRESSIVE;
				CLANG_CXX_LANGUAGE_STANDARD = "gnu++14";
				CLANG_CXX_LIBRARY = "libc++";
				CLANG_ENABLE_MODULES = YES;
				CLANG_ENABLE_OBJC_ARC = YES;
				CLANG_ENABLE_OBJC_WEAK = YES;
				CLANG_WARN_BLOCK_CAPTURE_AUTORELEASING = YES;
				CLANG_WARN_BOOL_CONVERSION = YES;
				CLANG_WARN_COMMA = YES;
				CLANG_WARN_CONSTANT_CONVERSION = YES;
				CLANG_WARN_DEPRECATED_OBJC_IMPLEMENTATIONS = YES;
				CLANG_WARN_DIRECT_OBJC_ISA_USAGE = YES_ERROR;
				CLANG_WARN_DOCUMENTATION_COMMENTS = YES;
				CLANG_WARN_EMPTY_BODY = YES;
				CLANG_WARN_ENUM_CONVERSION = YES;
				CLANG_WARN_INFINITE_RECURSION = YES;
				CLANG_WARN_INT_CONVERSION = YES;
				CLANG_WARN_NON_LITERAL_NULL_CONVERSION = YES;
				CLANG_WARN_OBJC_IMPLICIT_RETAIN_SELF = YES;
				CLANG_WARN_OBJC_LITERAL_CONVERSION = YES;
				CLANG_WARN_OBJC_ROOT_CLASS = YES_ERROR;
				CLANG_WARN_RANGE_LOOP_ANALYSIS = YES;
				CLANG_WARN_STRICT_PROTOTYPES = YES;
				CLANG_WARN_SUSPICIOUS_MOVE = YES;
				CLANG_WARN_UNGUARDED_AVAILABILITY = YES_AGGRESSIVE;
				CLANG_WARN_UNREACHABLE_CODE = YES;
				CLANG_WARN__DUPLICATE_METHOD_MATCH = YES;
				CODE_SIGN_IDENTITY = "iPhone Developer";
				COPY_PHASE_STRIP = NO;
				DEBUG_INFORMATION_FORMAT = dwarf;
				ENABLE_STRICT_OBJC_MSGSEND = YES;
				ENABLE_TESTABILITY = YES;
				GCC_C_LANGUAGE_STANDARD = gnu11;
				GCC_DYNAMIC_NO_PIC = NO;
				GCC_NO_COMMON_BLOCKS = YES;
				GCC_OPTIMIZATION_LEVEL = 0;
				GCC_PREPROCESSOR_DEFINITIONS = (
					"DEBUG=1",
					"$(inherited)",
				);
				GCC_WARN_64_TO_32_BIT_CONVERSION = YES;
				GCC_WARN_ABOUT_RETURN_TYPE = YES_ERROR;
				GCC_WARN_UNDECLARED_SELECTOR = YES;
				GCC_WARN_UNINITIALIZED_AUTOS = YES_AGGRESSIVE;
				GCC_WARN_UNUSED_FUNCTION = YES;
				GCC_WARN_UNUSED_VARIABLE = YES;
				IPHONEOS_DEPLOYMENT_TARGET = 11.4;
				MTL_ENABLE_DEBUG_INFO = YES;
				ONLY_ACTIVE_ARCH = YES;
				SDKROOT = iphoneos;
				SWIFT_ACTIVE_COMPILATION_CONDITIONS = DEBUG;
				SWIFT_OPTIMIZATION_LEVEL = "-Onone";
			};
			name = Debug;
		};
		910AD81120E36EE400C216D7 /* Release */ = {
			isa = XCBuildConfiguration;
			buildSettings = {
				ALWAYS_SEARCH_USER_PATHS = NO;
				CLANG_ANALYZER_NONNULL = YES;
				CLANG_ANALYZER_NUMBER_OBJECT_CONVERSION = YES_AGGRESSIVE;
				CLANG_CXX_LANGUAGE_STANDARD = "gnu++14";
				CLANG_CXX_LIBRARY = "libc++";
				CLANG_ENABLE_MODULES = YES;
				CLANG_ENABLE_OBJC_ARC = YES;
				CLANG_ENABLE_OBJC_WEAK = YES;
				CLANG_WARN_BLOCK_CAPTURE_AUTORELEASING = YES;
				CLANG_WARN_BOOL_CONVERSION = YES;
				CLANG_WARN_COMMA = YES;
				CLANG_WARN_CONSTANT_CONVERSION = YES;
				CLANG_WARN_DEPRECATED_OBJC_IMPLEMENTATIONS = YES;
				CLANG_WARN_DIRECT_OBJC_ISA_USAGE = YES_ERROR;
				CLANG_WARN_DOCUMENTATION_COMMENTS = YES;
				CLANG_WARN_EMPTY_BODY = YES;
				CLANG_WARN_ENUM_CONVERSION = YES;
				CLANG_WARN_INFINITE_RECURSION = YES;
				CLANG_WARN_INT_CONVERSION = YES;
				CLANG_WARN_NON_LITERAL_NULL_CONVERSION = YES;
				CLANG_WARN_OBJC_IMPLICIT_RETAIN_SELF = YES;
				CLANG_WARN_OBJC_LITERAL_CONVERSION = YES;
				CLANG_WARN_OBJC_ROOT_CLASS = YES_ERROR;
				CLANG_WARN_RANGE_LOOP_ANALYSIS = YES;
				CLANG_WARN_STRICT_PROTOTYPES = YES;
				CLANG_WARN_SUSPICIOUS_MOVE = YES;
				CLANG_WARN_UNGUARDED_AVAILABILITY = YES_AGGRESSIVE;
				CLANG_WARN_UNREACHABLE_CODE = YES;
				CLANG_WARN__DUPLICATE_METHOD_MATCH = YES;
				CODE_SIGN_IDENTITY = "iPhone Developer";
				COPY_PHASE_STRIP = NO;
				DEBUG_INFORMATION_FORMAT = "dwarf-with-dsym";
				ENABLE_NS_ASSERTIONS = NO;
				ENABLE_STRICT_OBJC_MSGSEND = YES;
				GCC_C_LANGUAGE_STANDARD = gnu11;
				GCC_NO_COMMON_BLOCKS = YES;
				GCC_WARN_64_TO_32_BIT_CONVERSION = YES;
				GCC_WARN_ABOUT_RETURN_TYPE = YES_ERROR;
				GCC_WARN_UNDECLARED_SELECTOR = YES;
				GCC_WARN_UNINITIALIZED_AUTOS = YES_AGGRESSIVE;
				GCC_WARN_UNUSED_FUNCTION = YES;
				GCC_WARN_UNUSED_VARIABLE = YES;
				IPHONEOS_DEPLOYMENT_TARGET = 11.4;
				MTL_ENABLE_DEBUG_INFO = NO;
				SDKROOT = iphoneos;
				SWIFT_COMPILATION_MODE = wholemodule;
				SWIFT_OPTIMIZATION_LEVEL = "-O";
				VALIDATE_PRODUCT = YES;
			};
			name = Release;
		};
		910AD81320E36EE400C216D7 /* Debug */ = {
			isa = XCBuildConfiguration;
			buildSettings = {
				ASSETCATALOG_COMPILER_APPICON_NAME = AppIcon;
				CODE_SIGN_STYLE = Automatic;
				DEVELOPMENT_TEAM = GVF548G9W6;
				INFOPLIST_FILE = "$(SRCROOT)/LeBaluchon/SupportingFiles/Info.plist";
				LD_RUNPATH_SEARCH_PATHS = (
					"$(inherited)",
					"@executable_path/Frameworks",
				);
				PRODUCT_BUNDLE_IDENTIFIER = dev.medev.LeBaluchon;
				PRODUCT_NAME = "$(TARGET_NAME)";
				SWIFT_VERSION = 4.0;
				TARGETED_DEVICE_FAMILY = 1;
			};
			name = Debug;
		};
		910AD81420E36EE400C216D7 /* Release */ = {
			isa = XCBuildConfiguration;
			buildSettings = {
				ASSETCATALOG_COMPILER_APPICON_NAME = AppIcon;
				CODE_SIGN_STYLE = Automatic;
				DEVELOPMENT_TEAM = GVF548G9W6;
				INFOPLIST_FILE = "$(SRCROOT)/LeBaluchon/SupportingFiles/Info.plist";
				LD_RUNPATH_SEARCH_PATHS = (
					"$(inherited)",
					"@executable_path/Frameworks",
				);
				PRODUCT_BUNDLE_IDENTIFIER = dev.medev.LeBaluchon;
				PRODUCT_NAME = "$(TARGET_NAME)";
				SWIFT_VERSION = 4.0;
				TARGETED_DEVICE_FAMILY = 1;
			};
			name = Release;
		};
/* End XCBuildConfiguration section */

/* Begin XCConfigurationList section */
		910AD7FB20E36EE200C216D7 /* Build configuration list for PBXProject "LeBaluchon" */ = {
			isa = XCConfigurationList;
			buildConfigurations = (
				910AD81020E36EE400C216D7 /* Debug */,
				910AD81120E36EE400C216D7 /* Release */,
			);
			defaultConfigurationIsVisible = 0;
			defaultConfigurationName = Release;
		};
		910AD81220E36EE400C216D7 /* Build configuration list for PBXNativeTarget "LeBaluchon" */ = {
			isa = XCConfigurationList;
			buildConfigurations = (
				910AD81320E36EE400C216D7 /* Debug */,
				910AD81420E36EE400C216D7 /* Release */,
			);
			defaultConfigurationIsVisible = 0;
			defaultConfigurationName = Release;
		};
/* End XCConfigurationList section */
	};
	rootObject = 910AD7F820E36EE200C216D7 /* Project object */;
}
